// !$*UTF8*$!
{
	archiveVersion = 1;
	classes = {
	};
	objectVersion = 50;
	objects = {

/* Begin PBXBuildFile section */
		A0F6C1C4260F0DEA0089368E /* AppDelegate.swift in Sources */ = {isa = PBXBuildFile; fileRef = A0F6C1C3260F0DEA0089368E /* AppDelegate.swift */; };
		A0F6C1CA260F0DF50089368E /* Assets.xcassets in Resources */ = {isa = PBXBuildFile; fileRef = A0F6C1C9260F0DF50089368E /* Assets.xcassets */; };
		A0F6C1CD260F0DF50089368E /* Preview Assets.xcassets in Resources */ = {isa = PBXBuildFile; fileRef = A0F6C1CC260F0DF50089368E /* Preview Assets.xcassets */; };
		A0F6C1DB260F0DF60089368E /* Network_LayerTests.swift in Sources */ = {isa = PBXBuildFile; fileRef = A0F6C1DA260F0DF60089368E /* Network_LayerTests.swift */; };
		A0F6C1E6260F0DF60089368E /* Network_LayerUITests.swift in Sources */ = {isa = PBXBuildFile; fileRef = A0F6C1E5260F0DF60089368E /* Network_LayerUITests.swift */; };
		A0F6C200260F0E720089368E /* mainVC.swift in Sources */ = {isa = PBXBuildFile; fileRef = A0F6C1FF260F0E720089368E /* mainVC.swift */; };
		A0F6C216260F12060089368E /* MOCK_DATA.json in Resources */ = {isa = PBXBuildFile; fileRef = A0F6C215260F12060089368E /* MOCK_DATA.json */; };
		A0F6C21B260F13760089368E /* customCell.swift in Sources */ = {isa = PBXBuildFile; fileRef = A0F6C21A260F13760089368E /* customCell.swift */; };
		A0F6C220260F1CA60089368E /* Model.swift in Sources */ = {isa = PBXBuildFile; fileRef = A0F6C21F260F1CA60089368E /* Model.swift */; };
/* End PBXBuildFile section */

/* Begin PBXContainerItemProxy section */
		A0F6C1D7260F0DF60089368E /* PBXContainerItemProxy */ = {
			isa = PBXContainerItemProxy;
			containerPortal = A0F6C1B8260F0DE90089368E /* Project object */;
			proxyType = 1;
			remoteGlobalIDString = A0F6C1BF260F0DEA0089368E;
			remoteInfo = Network_Layer;
		};
		A0F6C1E2260F0DF60089368E /* PBXContainerItemProxy */ = {
			isa = PBXContainerItemProxy;
			containerPortal = A0F6C1B8260F0DE90089368E /* Project object */;
			proxyType = 1;
			remoteGlobalIDString = A0F6C1BF260F0DEA0089368E;
			remoteInfo = Network_Layer;
		};
/* End PBXContainerItemProxy section */

/* Begin PBXFileReference section */
		A0F6C1C0260F0DEA0089368E /* Network_Layer.app */ = {isa = PBXFileReference; explicitFileType = wrapper.application; includeInIndex = 0; path = Network_Layer.app; sourceTree = BUILT_PRODUCTS_DIR; };
		A0F6C1C3260F0DEA0089368E /* AppDelegate.swift */ = {isa = PBXFileReference; lastKnownFileType = sourcecode.swift; path = AppDelegate.swift; sourceTree = "<group>"; };
		A0F6C1C9260F0DF50089368E /* Assets.xcassets */ = {isa = PBXFileReference; lastKnownFileType = folder.assetcatalog; path = Assets.xcassets; sourceTree = "<group>"; };
		A0F6C1CC260F0DF50089368E /* Preview Assets.xcassets */ = {isa = PBXFileReference; lastKnownFileType = folder.assetcatalog; path = "Preview Assets.xcassets"; sourceTree = "<group>"; };
		A0F6C1D1260F0DF50089368E /* Info.plist */ = {isa = PBXFileReference; lastKnownFileType = text.plist.xml; path = Info.plist; sourceTree = "<group>"; };
		A0F6C1D6260F0DF60089368E /* Network_LayerTests.xctest */ = {isa = PBXFileReference; explicitFileType = wrapper.cfbundle; includeInIndex = 0; path = Network_LayerTests.xctest; sourceTree = BUILT_PRODUCTS_DIR; };
		A0F6C1DA260F0DF60089368E /* Network_LayerTests.swift */ = {isa = PBXFileReference; lastKnownFileType = sourcecode.swift; path = Network_LayerTests.swift; sourceTree = "<group>"; };
		A0F6C1DC260F0DF60089368E /* Info.plist */ = {isa = PBXFileReference; lastKnownFileType = text.plist.xml; path = Info.plist; sourceTree = "<group>"; };
		A0F6C1E1260F0DF60089368E /* Network_LayerUITests.xctest */ = {isa = PBXFileReference; explicitFileType = wrapper.cfbundle; includeInIndex = 0; path = Network_LayerUITests.xctest; sourceTree = BUILT_PRODUCTS_DIR; };
		A0F6C1E5260F0DF60089368E /* Network_LayerUITests.swift */ = {isa = PBXFileReference; lastKnownFileType = sourcecode.swift; path = Network_LayerUITests.swift; sourceTree = "<group>"; };
		A0F6C1E7260F0DF60089368E /* Info.plist */ = {isa = PBXFileReference; lastKnownFileType = text.plist.xml; path = Info.plist; sourceTree = "<group>"; };
		A0F6C1FF260F0E720089368E /* mainVC.swift */ = {isa = PBXFileReference; lastKnownFileType = sourcecode.swift; path = mainVC.swift; sourceTree = "<group>"; };
		A0F6C215260F12060089368E /* MOCK_DATA.json */ = {isa = PBXFileReference; fileEncoding = 4; lastKnownFileType = text.json; path = MOCK_DATA.json; sourceTree = "<group>"; };
		A0F6C21A260F13760089368E /* customCell.swift */ = {isa = PBXFileReference; lastKnownFileType = sourcecode.swift; path = customCell.swift; sourceTree = "<group>"; };
		A0F6C21F260F1CA60089368E /* Model.swift */ = {isa = PBXFileReference; lastKnownFileType = sourcecode.swift; path = Model.swift; sourceTree = "<group>"; };
/* End PBXFileReference section */

/* Begin PBXFrameworksBuildPhase section */
		A0F6C1BD260F0DEA0089368E /* Frameworks */ = {
			isa = PBXFrameworksBuildPhase;
			buildActionMask = 2147483647;
			files = (
			);
			runOnlyForDeploymentPostprocessing = 0;
		};
		A0F6C1D3260F0DF60089368E /* Frameworks */ = {
			isa = PBXFrameworksBuildPhase;
			buildActionMask = 2147483647;
			files = (
			);
			runOnlyForDeploymentPostprocessing = 0;
		};
		A0F6C1DE260F0DF60089368E /* Frameworks */ = {
			isa = PBXFrameworksBuildPhase;
			buildActionMask = 2147483647;
			files = (
			);
			runOnlyForDeploymentPostprocessing = 0;
		};
/* End PBXFrameworksBuildPhase section */

/* Begin PBXGroup section */
		A0F6C1B7260F0DE90089368E = {
			isa = PBXGroup;
			children = (
				A0F6C1C2260F0DEA0089368E /* Network_Layer */,
				A0F6C1D9260F0DF60089368E /* Network_LayerTests */,
				A0F6C1E4260F0DF60089368E /* Network_LayerUITests */,
				A0F6C1C1260F0DEA0089368E /* Products */,
			);
			sourceTree = "<group>";
		};
		A0F6C1C1260F0DEA0089368E /* Products */ = {
			isa = PBXGroup;
			children = (
				A0F6C1C0260F0DEA0089368E /* Network_Layer.app */,
				A0F6C1D6260F0DF60089368E /* Network_LayerTests.xctest */,
				A0F6C1E1260F0DF60089368E /* Network_LayerUITests.xctest */,
			);
			name = Products;
			sourceTree = "<group>";
		};
		A0F6C1C2260F0DEA0089368E /* Network_Layer */ = {
			isa = PBXGroup;
			children = (
				A0F6C1C3260F0DEA0089368E /* AppDelegate.swift */,
				A0F6C1FF260F0E720089368E /* mainVC.swift */,
				A0F6C21A260F13760089368E /* customCell.swift */,
				A0F6C215260F12060089368E /* MOCK_DATA.json */,
				A0F6C21F260F1CA60089368E /* Model.swift */,
				A0F6C1C9260F0DF50089368E /* Assets.xcassets */,
				A0F6C1D1260F0DF50089368E /* Info.plist */,
				A0F6C1CB260F0DF50089368E /* Preview Content */,
			);
			path = Network_Layer;
			sourceTree = "<group>";
		};
		A0F6C1CB260F0DF50089368E /* Preview Content */ = {
			isa = PBXGroup;
			children = (
				A0F6C1CC260F0DF50089368E /* Preview Assets.xcassets */,
			);
			path = "Preview Content";
			sourceTree = "<group>";
		};
		A0F6C1D9260F0DF60089368E /* Network_LayerTests */ = {
			isa = PBXGroup;
			children = (
				A0F6C1DA260F0DF60089368E /* Network_LayerTests.swift */,
				A0F6C1DC260F0DF60089368E /* Info.plist */,
			);
			path = Network_LayerTests;
			sourceTree = "<group>";
		};
		A0F6C1E4260F0DF60089368E /* Network_LayerUITests */ = {
			isa = PBXGroup;
			children = (
				A0F6C1E5260F0DF60089368E /* Network_LayerUITests.swift */,
				A0F6C1E7260F0DF60089368E /* Info.plist */,
			);
			path = Network_LayerUITests;
			sourceTree = "<group>";
		};
/* End PBXGroup section */

/* Begin PBXNativeTarget section */
		A0F6C1BF260F0DEA0089368E /* Network_Layer */ = {
			isa = PBXNativeTarget;
			buildConfigurationList = A0F6C1EA260F0DF60089368E /* Build configuration list for PBXNativeTarget "Network_Layer" */;
			buildPhases = (
				A0F6C1BC260F0DEA0089368E /* Sources */,
				A0F6C1BD260F0DEA0089368E /* Frameworks */,
				A0F6C1BE260F0DEA0089368E /* Resources */,
			);
			buildRules = (
			);
			dependencies = (
			);
			name = Network_Layer;
			productName = Network_Layer;
			productReference = A0F6C1C0260F0DEA0089368E /* Network_Layer.app */;
			productType = "com.apple.product-type.application";
		};
		A0F6C1D5260F0DF60089368E /* Network_LayerTests */ = {
			isa = PBXNativeTarget;
			buildConfigurationList = A0F6C1ED260F0DF60089368E /* Build configuration list for PBXNativeTarget "Network_LayerTests" */;
			buildPhases = (
				A0F6C1D2260F0DF60089368E /* Sources */,
				A0F6C1D3260F0DF60089368E /* Frameworks */,
				A0F6C1D4260F0DF60089368E /* Resources */,
			);
			buildRules = (
			);
			dependencies = (
				A0F6C1D8260F0DF60089368E /* PBXTargetDependency */,
			);
			name = Network_LayerTests;
			productName = Network_LayerTests;
			productReference = A0F6C1D6260F0DF60089368E /* Network_LayerTests.xctest */;
			productType = "com.apple.product-type.bundle.unit-test";
		};
		A0F6C1E0260F0DF60089368E /* Network_LayerUITests */ = {
			isa = PBXNativeTarget;
			buildConfigurationList = A0F6C1F0260F0DF60089368E /* Build configuration list for PBXNativeTarget "Network_LayerUITests" */;
			buildPhases = (
				A0F6C1DD260F0DF60089368E /* Sources */,
				A0F6C1DE260F0DF60089368E /* Frameworks */,
				A0F6C1DF260F0DF60089368E /* Resources */,
			);
			buildRules = (
			);
			dependencies = (
				A0F6C1E3260F0DF60089368E /* PBXTargetDependency */,
			);
			name = Network_LayerUITests;
			productName = Network_LayerUITests;
			productReference = A0F6C1E1260F0DF60089368E /* Network_LayerUITests.xctest */;
			productType = "com.apple.product-type.bundle.ui-testing";
		};
/* End PBXNativeTarget section */

/* Begin PBXProject section */
		A0F6C1B8260F0DE90089368E /* Project object */ = {
			isa = PBXProject;
			attributes = {
				LastSwiftUpdateCheck = 1240;
				LastUpgradeCheck = 1240;
				TargetAttributes = {
					A0F6C1BF260F0DEA0089368E = {
						CreatedOnToolsVersion = 12.4;
					};
					A0F6C1D5260F0DF60089368E = {
						CreatedOnToolsVersion = 12.4;
						TestTargetID = A0F6C1BF260F0DEA0089368E;
					};
					A0F6C1E0260F0DF60089368E = {
						CreatedOnToolsVersion = 12.4;
						TestTargetID = A0F6C1BF260F0DEA0089368E;
					};
				};
			};
			buildConfigurationList = A0F6C1BB260F0DE90089368E /* Build configuration list for PBXProject "Network_Layer" */;
			compatibilityVersion = "Xcode 9.3";
			developmentRegion = en;
			hasScannedForEncodings = 0;
			knownRegions = (
				en,
				Base,
			);
			mainGroup = A0F6C1B7260F0DE90089368E;
			productRefGroup = A0F6C1C1260F0DEA0089368E /* Products */;
			projectDirPath = "";
			projectRoot = "";
			targets = (
				A0F6C1BF260F0DEA0089368E /* Network_Layer */,
				A0F6C1D5260F0DF60089368E /* Network_LayerTests */,
				A0F6C1E0260F0DF60089368E /* Network_LayerUITests */,
			);
		};
/* End PBXProject section */

/* Begin PBXResourcesBuildPhase section */
		A0F6C1BE260F0DEA0089368E /* Resources */ = {
			isa = PBXResourcesBuildPhase;
			buildActionMask = 2147483647;
			files = (
				A0F6C216260F12060089368E /* MOCK_DATA.json in Resources */,
				A0F6C1CD260F0DF50089368E /* Preview Assets.xcassets in Resources */,
				A0F6C1CA260F0DF50089368E /* Assets.xcassets in Resources */,
			);
			runOnlyForDeploymentPostprocessing = 0;
		};
		A0F6C1D4260F0DF60089368E /* Resources */ = {
			isa = PBXResourcesBuildPhase;
			buildActionMask = 2147483647;
			files = (
			);
			runOnlyForDeploymentPostprocessing = 0;
		};
		A0F6C1DF260F0DF60089368E /* Resources */ = {
			isa = PBXResourcesBuildPhase;
			buildActionMask = 2147483647;
			files = (
			);
			runOnlyForDeploymentPostprocessing = 0;
		};
/* End PBXResourcesBuildPhase section */

/* Begin PBXSourcesBuildPhase section */
		A0F6C1BC260F0DEA0089368E /* Sources */ = {
			isa = PBXSourcesBuildPhase;
			buildActionMask = 2147483647;
			files = (
				A0F6C1C4260F0DEA0089368E /* AppDelegate.swift in Sources */,
				A0F6C200260F0E720089368E /* mainVC.swift in Sources */,
				A0F6C21B260F13760089368E /* customCell.swift in Sources */,
				A0F6C220260F1CA60089368E /* Model.swift in Sources */,
			);
			runOnlyForDeploymentPostprocessing = 0;
		};
		A0F6C1D2260F0DF60089368E /* Sources */ = {
			isa = PBXSourcesBuildPhase;
			buildActionMask = 2147483647;
			files = (
				A0F6C1DB260F0DF60089368E /* Network_LayerTests.swift in Sources */,
			);
			runOnlyForDeploymentPostprocessing = 0;
		};
		A0F6C1DD260F0DF60089368E /* Sources */ = {
			isa = PBXSourcesBuildPhase;
			buildActionMask = 2147483647;
			files = (
				A0F6C1E6260F0DF60089368E /* Network_LayerUITests.swift in Sources */,
			);
			runOnlyForDeploymentPostprocessing = 0;
		};
/* End PBXSourcesBuildPhase section */

/* Begin PBXTargetDependency section */
		A0F6C1D8260F0DF60089368E /* PBXTargetDependency */ = {
			isa = PBXTargetDependency;
			target = A0F6C1BF260F0DEA0089368E /* Network_Layer */;
			targetProxy = A0F6C1D7260F0DF60089368E /* PBXContainerItemProxy */;
		};
		A0F6C1E3260F0DF60089368E /* PBXTargetDependency */ = {
			isa = PBXTargetDependency;
			target = A0F6C1BF260F0DEA0089368E /* Network_Layer */;
			targetProxy = A0F6C1E2260F0DF60089368E /* PBXContainerItemProxy */;
		};
/* End PBXTargetDependency section */

/* Begin XCBuildConfiguration section */
		A0F6C1E8260F0DF60089368E /* Debug */ = {
			isa = XCBuildConfiguration;
			buildSettings = {
				ALWAYS_SEARCH_USER_PATHS = NO;
				CLANG_ANALYZER_NONNULL = YES;
				CLANG_ANALYZER_NUMBER_OBJECT_CONVERSION = YES_AGGRESSIVE;
				CLANG_CXX_LANGUAGE_STANDARD = "gnu++14";
				CLANG_CXX_LIBRARY = "libc++";
				CLANG_ENABLE_MODULES = YES;
				CLANG_ENABLE_OBJC_ARC = YES;
				CLANG_ENABLE_OBJC_WEAK = YES;
				CLANG_WARN_BLOCK_CAPTURE_AUTORELEASING = YES;
				CLANG_WARN_BOOL_CONVERSION = YES;
				CLANG_WARN_COMMA = YES;
				CLANG_WARN_CONSTANT_CONVERSION = YES;
				CLANG_WARN_DEPRECATED_OBJC_IMPLEMENTATIONS = YES;
				CLANG_WARN_DIRECT_OBJC_ISA_USAGE = YES_ERROR;
				CLANG_WARN_DOCUMENTATION_COMMENTS = YES;
				CLANG_WARN_EMPTY_BODY = YES;
				CLANG_WARN_ENUM_CONVERSION = YES;
				CLANG_WARN_INFINITE_RECURSION = YES;
				CLANG_WARN_INT_CONVERSION = YES;
				CLANG_WARN_NON_LITERAL_NULL_CONVERSION = YES;
				CLANG_WARN_OBJC_IMPLICIT_RETAIN_SELF = YES;
				CLANG_WARN_OBJC_LITERAL_CONVERSION = YES;
				CLANG_WARN_OBJC_ROOT_CLASS = YES_ERROR;
				CLANG_WARN_QUOTED_INCLUDE_IN_FRAMEWORK_HEADER = YES;
				CLANG_WARN_RANGE_LOOP_ANALYSIS = YES;
				CLANG_WARN_STRICT_PROTOTYPES = YES;
				CLANG_WARN_SUSPICIOUS_MOVE = YES;
				CLANG_WARN_UNGUARDED_AVAILABILITY = YES_AGGRESSIVE;
				CLANG_WARN_UNREACHABLE_CODE = YES;
				CLANG_WARN__DUPLICATE_METHOD_MATCH = YES;
				COPY_PHASE_STRIP = NO;
				DEBUG_INFORMATION_FORMAT = dwarf;
				ENABLE_STRICT_OBJC_MSGSEND = YES;
				ENABLE_TESTABILITY = YES;
				GCC_C_LANGUAGE_STANDARD = gnu11;
				GCC_DYNAMIC_NO_PIC = NO;
				GCC_NO_COMMON_BLOCKS = YES;
				GCC_OPTIMIZATION_LEVEL = 0;
				GCC_PREPROCESSOR_DEFINITIONS = (
					"DEBUG=1",
					"$(inherited)",
				);
				GCC_WARN_64_TO_32_BIT_CONVERSION = YES;
				GCC_WARN_ABOUT_RETURN_TYPE = YES_ERROR;
				GCC_WARN_UNDECLARED_SELECTOR = YES;
				GCC_WARN_UNINITIALIZED_AUTOS = YES_AGGRESSIVE;
				GCC_WARN_UNUSED_FUNCTION = YES;
				GCC_WARN_UNUSED_VARIABLE = YES;
				IPHONEOS_DEPLOYMENT_TARGET = 14.4;
				MTL_ENABLE_DEBUG_INFO = INCLUDE_SOURCE;
				MTL_FAST_MATH = YES;
				ONLY_ACTIVE_ARCH = YES;
				SDKROOT = iphoneos;
				SWIFT_ACTIVE_COMPILATION_CONDITIONS = DEBUG;
				SWIFT_OPTIMIZATION_LEVEL = "-Onone";
			};
			name = Debug;
		};
		A0F6C1E9260F0DF60089368E /* Release */ = {
			isa = XCBuildConfiguration;
			buildSettings = {
				ALWAYS_SEARCH_USER_PATHS = NO;
				CLANG_ANALYZER_NONNULL = YES;
				CLANG_ANALYZER_NUMBER_OBJECT_CONVERSION = YES_AGGRESSIVE;
				CLANG_CXX_LANGUAGE_STANDARD = "gnu++14";
				CLANG_CXX_LIBRARY = "libc++";
				CLANG_ENABLE_MODULES = YES;
				CLANG_ENABLE_OBJC_ARC = YES;
				CLANG_ENABLE_OBJC_WEAK = YES;
				CLANG_WARN_BLOCK_CAPTURE_AUTORELEASING = YES;
				CLANG_WARN_BOOL_CONVERSION = YES;
				CLANG_WARN_COMMA = YES;
				CLANG_WARN_CONSTANT_CONVERSION = YES;
				CLANG_WARN_DEPRECATED_OBJC_IMPLEMENTATIONS = YES;
				CLANG_WARN_DIRECT_OBJC_ISA_USAGE = YES_ERROR;
				CLANG_WARN_DOCUMENTATION_COMMENTS = YES;
				CLANG_WARN_EMPTY_BODY = YES;
				CLANG_WARN_ENUM_CONVERSION = YES;
				CLANG_WARN_INFINITE_RECURSION = YES;
				CLANG_WARN_INT_CONVERSION = YES;
				CLANG_WARN_NON_LITERAL_NULL_CONVERSION = YES;
				CLANG_WARN_OBJC_IMPLICIT_RETAIN_SELF = YES;
				CLANG_WARN_OBJC_LITERAL_CONVERSION = YES;
				CLANG_WARN_OBJC_ROOT_CLASS = YES_ERROR;
				CLANG_WARN_QUOTED_INCLUDE_IN_FRAMEWORK_HEADER = YES;
				CLANG_WARN_RANGE_LOOP_ANALYSIS = YES;
				CLANG_WARN_STRICT_PROTOTYPES = YES;
				CLANG_WARN_SUSPICIOUS_MOVE = YES;
				CLANG_WARN_UNGUARDED_AVAILABILITY = YES_AGGRESSIVE;
				CLANG_WARN_UNREACHABLE_CODE = YES;
				CLANG_WARN__DUPLICATE_METHOD_MATCH = YES;
				COPY_PHASE_STRIP = NO;
				DEBUG_INFORMATION_FORMAT = "dwarf-with-dsym";
				ENABLE_NS_ASSERTIONS = NO;
				ENABLE_STRICT_OBJC_MSGSEND = YES;
				GCC_C_LANGUAGE_STANDARD = gnu11;
				GCC_NO_COMMON_BLOCKS = YES;
				GCC_WARN_64_TO_32_BIT_CONVERSION = YES;
				GCC_WARN_ABOUT_RETURN_TYPE = YES_ERROR;
				GCC_WARN_UNDECLARED_SELECTOR = YES;
				GCC_WARN_UNINITIALIZED_AUTOS = YES_AGGRESSIVE;
				GCC_WARN_UNUSED_FUNCTION = YES;
				GCC_WARN_UNUSED_VARIABLE = YES;
				IPHONEOS_DEPLOYMENT_TARGET = 14.4;
				MTL_ENABLE_DEBUG_INFO = NO;
				MTL_FAST_MATH = YES;
				SDKROOT = iphoneos;
				SWIFT_COMPILATION_MODE = wholemodule;
				SWIFT_OPTIMIZATION_LEVEL = "-O";
				VALIDATE_PRODUCT = YES;
			};
			name = Release;
		};
		A0F6C1EB260F0DF60089368E /* Debug */ = {
			isa = XCBuildConfiguration;
			buildSettings = {
				ASSETCATALOG_COMPILER_APPICON_NAME = AppIcon;
				ASSETCATALOG_COMPILER_GLOBAL_ACCENT_COLOR_NAME = AccentColor;
				CODE_SIGN_STYLE = Automatic;
				DEVELOPMENT_ASSET_PATHS = "\"Network_Layer/Preview Content\"";
				DEVELOPMENT_TEAM = D825DCKRRK;
				ENABLE_PREVIEWS = YES;
				INFOPLIST_FILE = Network_Layer/Info.plist;
				IPHONEOS_DEPLOYMENT_TARGET = 12.1;
				LD_RUNPATH_SEARCH_PATHS = (
					"$(inherited)",
					"@executable_path/Frameworks",
				);
				PRODUCT_BUNDLE_IDENTIFIER = "-.Network-Layer";
				PRODUCT_NAME = "$(TARGET_NAME)";
				SWIFT_VERSION = 5.0;
				TARGETED_DEVICE_FAMILY = "1,2";
			};
			name = Debug;
		};
		A0F6C1EC260F0DF60089368E /* Release */ = {
			isa = XCBuildConfiguration;
			buildSettings = {
				ASSETCATALOG_COMPILER_APPICON_NAME = AppIcon;
				ASSETCATALOG_COMPILER_GLOBAL_ACCENT_COLOR_NAME = AccentColor;
				CODE_SIGN_STYLE = Automatic;
				DEVELOPMENT_ASSET_PATHS = "\"Network_Layer/Preview Content\"";
				DEVELOPMENT_TEAM = D825DCKRRK;
				ENABLE_PREVIEWS = YES;
				INFOPLIST_FILE = Network_Layer/Info.plist;
				IPHONEOS_DEPLOYMENT_TARGET = 12.1;
				LD_RUNPATH_SEARCH_PATHS = (
					"$(inherited)",
					"@executable_path/Frameworks",
				);
				PRODUCT_BUNDLE_IDENTIFIER = "-.Network-Layer";
				PRODUCT_NAME = "$(TARGET_NAME)";
				SWIFT_VERSION = 5.0;
				TARGETED_DEVICE_FAMILY = "1,2";
			};
			name = Release;
		};
		A0F6C1EE260F0DF60089368E /* Debug */ = {
			isa = XCBuildConfiguration;
			buildSettings = {
				ALWAYS_EMBED_SWIFT_STANDARD_LIBRARIES = YES;
				BUNDLE_LOADER = "$(TEST_HOST)";
				CODE_SIGN_STYLE = Automatic;
				DEVELOPMENT_TEAM = D825DCKRRK;
				INFOPLIST_FILE = Network_LayerTests/Info.plist;
				IPHONEOS_DEPLOYMENT_TARGET = 14.4;
				LD_RUNPATH_SEARCH_PATHS = (
					"$(inherited)",
					"@executable_path/Frameworks",
					"@loader_path/Frameworks",
				);
				PRODUCT_BUNDLE_IDENTIFIER = "-.Network-LayerTests";
				PRODUCT_NAME = "$(TARGET_NAME)";
				SWIFT_VERSION = 5.0;
				TARGETED_DEVICE_FAMILY = "1,2";
				TEST_HOST = "$(BUILT_PRODUCTS_DIR)/Network_Layer.app/Network_Layer";
			};
			name = Debug;
		};
		A0F6C1EF260F0DF60089368E /* Release */ = {
			isa = XCBuildConfiguration;
			buildSettings = {
				ALWAYS_EMBED_SWIFT_STANDARD_LIBRARIES = YES;
				BUNDLE_LOADER = "$(TEST_HOST)";
				CODE_SIGN_STYLE = Automatic;
				DEVELOPMENT_TEAM = D825DCKRRK;
				INFOPLIST_FILE = Network_LayerTests/Info.plist;
				IPHONEOS_DEPLOYMENT_TARGET = 14.4;
				LD_RUNPATH_SEARCH_PATHS = (
					"$(inherited)",
					"@executable_path/Frameworks",
					"@loader_path/Frameworks",
				);
				PRODUCT_BUNDLE_IDENTIFIER = "-.Network-LayerTests";
				PRODUCT_NAME = "$(TARGET_NAME)";
				SWIFT_VERSION = 5.0;
				TARGETED_DEVICE_FAMILY = "1,2";
				TEST_HOST = "$(BUILT_PRODUCTS_DIR)/Network_Layer.app/Network_Layer";
			};
			name = Release;
		};
		A0F6C1F1260F0DF60089368E /* Debug */ = {
			isa = XCBuildConfiguration;
			buildSettings = {
				ALWAYS_EMBED_SWIFT_STANDARD_LIBRARIES = YES;
				CODE_SIGN_STYLE = Automatic;
				DEVELOPMENT_TEAM = D825DCKRRK;
				INFOPLIST_FILE = Network_LayerUITests/Info.plist;
				LD_RUNPATH_SEARCH_PATHS = (
					"$(inherited)",
					"@executable_path/Frameworks",
					"@loader_path/Frameworks",
				);
				PRODUCT_BUNDLE_IDENTIFIER = "-.Network-LayerUITests";
				PRODUCT_NAME = "$(TARGET_NAME)";
				SWIFT_VERSION = 5.0;
				TARGETED_DEVICE_FAMILY = "1,2";
				TEST_TARGET_NAME = Network_Layer;
			};
			name = Debug;
		};
		A0F6C1F2260F0DF60089368E /* Release */ = {
			isa = XCBuildConfiguration;
			buildSettings = {
				ALWAYS_EMBED_SWIFT_STANDARD_LIBRARIES = YES;
				CODE_SIGN_STYLE = Automatic;
				DEVELOPMENT_TEAM = D825DCKRRK;
				INFOPLIST_FILE = Network_LayerUITests/Info.plist;
				LD_RUNPATH_SEARCH_PATHS = (
					"$(inherited)",
					"@executable_path/Frameworks",
					"@loader_path/Frameworks",
				);
				PRODUCT_BUNDLE_IDENTIFIER = "-.Network-LayerUITests";
				PRODUCT_NAME = "$(TARGET_NAME)";
				SWIFT_VERSION = 5.0;
				TARGETED_DEVICE_FAMILY = "1,2";
				TEST_TARGET_NAME = Network_Layer;
			};
			name = Release;
		};
/* End XCBuildConfiguration section */

/* Begin XCConfigurationList section */
		A0F6C1BB260F0DE90089368E /* Build configuration list for PBXProject "Network_Layer" */ = {
			isa = XCConfigurationList;
			buildConfigurations = (
				A0F6C1E8260F0DF60089368E /* Debug */,
				A0F6C1E9260F0DF60089368E /* Release */,
			);
			defaultConfigurationIsVisible = 0;
			defaultConfigurationName = Release;
		};
		A0F6C1EA260F0DF60089368E /* Build configuration list for PBXNativeTarget "Network_Layer" */ = {
			isa = XCConfigurationList;
			buildConfigurations = (
				A0F6C1EB260F0DF60089368E /* Debug */,
				A0F6C1EC260F0DF60089368E /* Release */,
			);
			defaultConfigurationIsVisible = 0;
			defaultConfigurationName = Release;
		};
		A0F6C1ED260F0DF60089368E /* Build configuration list for PBXNativeTarget "Network_LayerTests" */ = {
			isa = XCConfigurationList;
			buildConfigurations = (
				A0F6C1EE260F0DF60089368E /* Debug */,
				A0F6C1EF260F0DF60089368E /* Release */,
			);
			defaultConfigurationIsVisible = 0;
			defaultConfigurationName = Release;
		};
		A0F6C1F0260F0DF60089368E /* Build configuration list for PBXNativeTarget "Network_LayerUITests" */ = {
			isa = XCConfigurationList;
			buildConfigurations = (
				A0F6C1F1260F0DF60089368E /* Debug */,
				A0F6C1F2260F0DF60089368E /* Release */,
			);
			defaultConfigurationIsVisible = 0;
			defaultConfigurationName = Release;
		};
/* End XCConfigurationList section */
	};
	rootObject = A0F6C1B8260F0DE90089368E /* Project object */;
}
